
Microsoft Visual Studio Solution File, Format Version 12.00
# Visual Studio 14
VisualStudioVersion = 14.0.23107.0
MinimumVisualStudioVersion = 10.0.40219.1
Project("{2150E333-8FDC-42A3-9474-1A3956D46DE8}") = "PublishScripts", "PublishScripts", "{C0E25C75-C8CE-46A4-9987-81F53659E077}"
	ProjectSection(SolutionItems) = preProject
		PublishScripts\AzureVMPublishModule.psm1 = PublishScripts\AzureVMPublishModule.psm1
		PublishScripts\Publish-WebApplicationVM.ps1 = PublishScripts\Publish-WebApplicationVM.ps1
	EndProjectSection
EndProject
Project("{2150E333-8FDC-42A3-9474-1A3956D46DE8}") = "Configurations", "Configurations", "{D3105445-88C3-43CC-A51D-FD59884EF22A}"
	ProjectSection(SolutionItems) = preProject
		PublishScripts\Configurations\foodorder-WAWS-dev.json = PublishScripts\Configurations\foodorder-WAWS-dev.json
	EndProjectSection
EndProject
Project("{2150E333-8FDC-42A3-9474-1A3956D46DE8}") = "UserService", "UserService", "{DDAED3DD-F894-482A-93E6-E9100F80518D}"
EndProject
Project("{A07B5EB6-E848-4116-A8D0-A826331D98C6}") = "FoodOrder.Users", "FoodOrder.Users\FoodOrder.Users.sfproj", "{F6EFA272-1B41-403E-B7ED-63D3C192D6F1}"
EndProject
Project("{8BB2217D-0F2D-49D1-97BC-3654ED321F3B}") = "Users", "Users\Users.xproj", "{0EB6A9D7-B6F9-45C2-B858-9B72978629AA}"
EndProject
Project("{2150E333-8FDC-42A3-9474-1A3956D46DE8}") = "OrderService", "OrderService", "{AB3F9589-191E-450E-9A20-644D53C040AB}"
EndProject
Project("{A07B5EB6-E848-4116-A8D0-A826331D98C6}") = "FoodOrder.Orders", "FoodOrder.Orders\FoodOrder.Orders.sfproj", "{F92BDB8A-98B7-4ACC-9DC3-7DA70484E2A4}"
EndProject
Project("{8BB2217D-0F2D-49D1-97BC-3654ED321F3B}") = "Orders", "Orders\Orders.xproj", "{CE048A58-9DA1-47A1-BB4E-5301C9E1029A}"
EndProject
Project("{2150E333-8FDC-42A3-9474-1A3956D46DE8}") = "ConsumptionService", "ConsumptionService", "{FB3B875B-953E-46D0-BFF0-D13CB8332F46}"
EndProject
Project("{A07B5EB6-E848-4116-A8D0-A826331D98C6}") = "FoodOrder.Consumptions", "FoodOrder.Consumptions\FoodOrder.Consumptions.sfproj", "{03BACD84-46B3-4EA6-96E6-683AFC2E429A}"
EndProject
Project("{8BB2217D-0F2D-49D1-97BC-3654ED321F3B}") = "Consumptions", "Consumptions\Consumptions.xproj", "{B86C3432-CF67-4702-A823-5B58E92B087C}"
EndProject
Project("{FAE04EC0-301F-11D3-BF4B-00C04F79EFBC}") = "Consumptions.Tests", "Consumptions.Tests\Consumptions.Tests.csproj", "{01F6D8AD-F8A1-41E5-A44C-FBE5DD463E13}"
EndProject
Project("{FAE04EC0-301F-11D3-BF4B-00C04F79EFBC}") = "Consumptions.Repository", "Consumptions.Repository\Consumptions.Repository.csproj", "{0E294583-A89A-4695-BABC-021A6FC24E3A}"
EndProject
Project("{8BB2217D-0F2D-49D1-97BC-3654ED321F3B}") = "FoodOrder.UI", "FoodOrder.UI\FoodOrder.UI.xproj", "{87EDB67D-A3A9-457A-9450-1E23FAA16A5D}"
EndProject
Project("{2150E333-8FDC-42A3-9474-1A3956D46DE8}") = "Scripts", "Scripts", "{40DE7EE6-EB5F-4070-920D-95BC222ED240}"
	ProjectSection(SolutionItems) = preProject
		PublishScripts\Scripts\Deploy-AzureResourceGroup.ps1 = PublishScripts\Scripts\Deploy-AzureResourceGroup.ps1
	EndProjectSection
EndProject
Project("{2150E333-8FDC-42A3-9474-1A3956D46DE8}") = "Templates", "Templates", "{70C1DDF5-25D4-427F-A6DF-F7A6B145C229}"
	ProjectSection(SolutionItems) = preProject
		PublishScripts\Templates\FoodOrderUI.json = PublishScripts\Templates\FoodOrderUI.json
		PublishScripts\Templates\FoodOrderUI.param.dev.json = PublishScripts\Templates\FoodOrderUI.param.dev.json
	EndProjectSection
EndProject
Project("{FAE04EC0-301F-11D3-BF4B-00C04F79EFBC}") = "Orders.Repository", "Orders.Repository\Orders.Repository.csproj", "{FE7B0D5E-1813-4639-BF41-BCEE5345F2B2}"
EndProject
Project("{FAE04EC0-301F-11D3-BF4B-00C04F79EFBC}") = "Orders.Tests", "Orders.Tests\Orders.Tests.csproj", "{09174CBD-612E-4B2D-A422-66101E878429}"
EndProject
Project("{FAE04EC0-301F-11D3-BF4B-00C04F79EFBC}") = "Users.Tests", "Users.Tests\Users.Tests.csproj", "{3FC43719-D3DE-4A0F-8EA1-D3A49C8A0ECF}"
EndProject
Project("{FAE04EC0-301F-11D3-BF4B-00C04F79EFBC}") = "Users.Repository", "Users.Repository\Users.Repository.csproj", "{49FE7024-93DA-41C0-AECF-1871B420353B}"
EndProject
Global
	GlobalSection(SolutionConfigurationPlatforms) = preSolution
		Debug|Any CPU = Debug|Any CPU
		Debug|x64 = Debug|x64
		Release|Any CPU = Release|Any CPU
		Release|x64 = Release|x64
	EndGlobalSection
	GlobalSection(ProjectConfigurationPlatforms) = postSolution
		{F6EFA272-1B41-403E-B7ED-63D3C192D6F1}.Debug|Any CPU.ActiveCfg = Debug|x64
		{F6EFA272-1B41-403E-B7ED-63D3C192D6F1}.Debug|x64.ActiveCfg = Debug|x64
		{F6EFA272-1B41-403E-B7ED-63D3C192D6F1}.Debug|x64.Build.0 = Debug|x64
		{F6EFA272-1B41-403E-B7ED-63D3C192D6F1}.Debug|x64.Deploy.0 = Debug|x64
		{F6EFA272-1B41-403E-B7ED-63D3C192D6F1}.Release|Any CPU.ActiveCfg = Release|x64
		{F6EFA272-1B41-403E-B7ED-63D3C192D6F1}.Release|x64.ActiveCfg = Release|x64
		{F6EFA272-1B41-403E-B7ED-63D3C192D6F1}.Release|x64.Build.0 = Release|x64
		{F6EFA272-1B41-403E-B7ED-63D3C192D6F1}.Release|x64.Deploy.0 = Release|x64
		{0EB6A9D7-B6F9-45C2-B858-9B72978629AA}.Debug|Any CPU.ActiveCfg = Debug|Any CPU
		{0EB6A9D7-B6F9-45C2-B858-9B72978629AA}.Debug|Any CPU.Build.0 = Debug|Any CPU
		{0EB6A9D7-B6F9-45C2-B858-9B72978629AA}.Debug|x64.ActiveCfg = Debug|Any CPU
		{0EB6A9D7-B6F9-45C2-B858-9B72978629AA}.Debug|x64.Build.0 = Debug|Any CPU
		{0EB6A9D7-B6F9-45C2-B858-9B72978629AA}.Release|Any CPU.ActiveCfg = Release|Any CPU
		{0EB6A9D7-B6F9-45C2-B858-9B72978629AA}.Release|Any CPU.Build.0 = Release|Any CPU
		{0EB6A9D7-B6F9-45C2-B858-9B72978629AA}.Release|x64.ActiveCfg = Release|Any CPU
		{0EB6A9D7-B6F9-45C2-B858-9B72978629AA}.Release|x64.Build.0 = Release|Any CPU
		{F92BDB8A-98B7-4ACC-9DC3-7DA70484E2A4}.Debug|Any CPU.ActiveCfg = Debug|x64
		{F92BDB8A-98B7-4ACC-9DC3-7DA70484E2A4}.Debug|x64.ActiveCfg = Debug|x64
		{F92BDB8A-98B7-4ACC-9DC3-7DA70484E2A4}.Debug|x64.Build.0 = Debug|x64
		{F92BDB8A-98B7-4ACC-9DC3-7DA70484E2A4}.Debug|x64.Deploy.0 = Debug|x64
		{F92BDB8A-98B7-4ACC-9DC3-7DA70484E2A4}.Release|Any CPU.ActiveCfg = Release|x64
		{F92BDB8A-98B7-4ACC-9DC3-7DA70484E2A4}.Release|x64.ActiveCfg = Release|x64
		{F92BDB8A-98B7-4ACC-9DC3-7DA70484E2A4}.Release|x64.Build.0 = Release|x64
		{F92BDB8A-98B7-4ACC-9DC3-7DA70484E2A4}.Release|x64.Deploy.0 = Release|x64
		{CE048A58-9DA1-47A1-BB4E-5301C9E1029A}.Debug|Any CPU.ActiveCfg = Debug|Any CPU
		{CE048A58-9DA1-47A1-BB4E-5301C9E1029A}.Debug|Any CPU.Build.0 = Debug|Any CPU
		{CE048A58-9DA1-47A1-BB4E-5301C9E1029A}.Debug|x64.ActiveCfg = Debug|Any CPU
		{CE048A58-9DA1-47A1-BB4E-5301C9E1029A}.Debug|x64.Build.0 = Debug|Any CPU
		{CE048A58-9DA1-47A1-BB4E-5301C9E1029A}.Release|Any CPU.ActiveCfg = Release|Any CPU
		{CE048A58-9DA1-47A1-BB4E-5301C9E1029A}.Release|Any CPU.Build.0 = Release|Any CPU
		{CE048A58-9DA1-47A1-BB4E-5301C9E1029A}.Release|x64.ActiveCfg = Release|Any CPU
		{CE048A58-9DA1-47A1-BB4E-5301C9E1029A}.Release|x64.Build.0 = Release|Any CPU
		{03BACD84-46B3-4EA6-96E6-683AFC2E429A}.Debug|Any CPU.ActiveCfg = Debug|x64
		{03BACD84-46B3-4EA6-96E6-683AFC2E429A}.Debug|x64.ActiveCfg = Debug|x64
		{03BACD84-46B3-4EA6-96E6-683AFC2E429A}.Debug|x64.Build.0 = Debug|x64
		{03BACD84-46B3-4EA6-96E6-683AFC2E429A}.Debug|x64.Deploy.0 = Debug|x64
		{03BACD84-46B3-4EA6-96E6-683AFC2E429A}.Release|Any CPU.ActiveCfg = Release|x64
		{03BACD84-46B3-4EA6-96E6-683AFC2E429A}.Release|x64.ActiveCfg = Release|x64
		{03BACD84-46B3-4EA6-96E6-683AFC2E429A}.Release|x64.Build.0 = Release|x64
		{03BACD84-46B3-4EA6-96E6-683AFC2E429A}.Release|x64.Deploy.0 = Release|x64
		{B86C3432-CF67-4702-A823-5B58E92B087C}.Debug|Any CPU.ActiveCfg = Debug|Any CPU
		{B86C3432-CF67-4702-A823-5B58E92B087C}.Debug|Any CPU.Build.0 = Debug|Any CPU
		{B86C3432-CF67-4702-A823-5B58E92B087C}.Debug|x64.ActiveCfg = Debug|Any CPU
		{B86C3432-CF67-4702-A823-5B58E92B087C}.Debug|x64.Build.0 = Debug|Any CPU
		{B86C3432-CF67-4702-A823-5B58E92B087C}.Release|Any CPU.ActiveCfg = Release|Any CPU
		{B86C3432-CF67-4702-A823-5B58E92B087C}.Release|Any CPU.Build.0 = Release|Any CPU
		{B86C3432-CF67-4702-A823-5B58E92B087C}.Release|x64.ActiveCfg = Release|Any CPU
		{B86C3432-CF67-4702-A823-5B58E92B087C}.Release|x64.Build.0 = Release|Any CPU
		{01F6D8AD-F8A1-41E5-A44C-FBE5DD463E13}.Debug|Any CPU.ActiveCfg = Debug|Any CPU
		{01F6D8AD-F8A1-41E5-A44C-FBE5DD463E13}.Debug|Any CPU.Build.0 = Debug|Any CPU
		{01F6D8AD-F8A1-41E5-A44C-FBE5DD463E13}.Debug|x64.ActiveCfg = Debug|Any CPU
		{01F6D8AD-F8A1-41E5-A44C-FBE5DD463E13}.Debug|x64.Build.0 = Debug|Any CPU
		{01F6D8AD-F8A1-41E5-A44C-FBE5DD463E13}.Release|Any CPU.ActiveCfg = Release|Any CPU
		{01F6D8AD-F8A1-41E5-A44C-FBE5DD463E13}.Release|Any CPU.Build.0 = Release|Any CPU
		{01F6D8AD-F8A1-41E5-A44C-FBE5DD463E13}.Release|x64.ActiveCfg = Release|Any CPU
		{01F6D8AD-F8A1-41E5-A44C-FBE5DD463E13}.Release|x64.Build.0 = Release|Any CPU
		{0E294583-A89A-4695-BABC-021A6FC24E3A}.Debug|Any CPU.ActiveCfg = Debug|Any CPU
		{0E294583-A89A-4695-BABC-021A6FC24E3A}.Debug|Any CPU.Build.0 = Debug|Any CPU
		{0E294583-A89A-4695-BABC-021A6FC24E3A}.Debug|x64.ActiveCfg = Debug|Any CPU
		{0E294583-A89A-4695-BABC-021A6FC24E3A}.Debug|x64.Build.0 = Debug|Any CPU
		{0E294583-A89A-4695-BABC-021A6FC24E3A}.Release|Any CPU.ActiveCfg = Release|Any CPU
		{0E294583-A89A-4695-BABC-021A6FC24E3A}.Release|Any CPU.Build.0 = Release|Any CPU
		{0E294583-A89A-4695-BABC-021A6FC24E3A}.Release|x64.ActiveCfg = Release|Any CPU
		{0E294583-A89A-4695-BABC-021A6FC24E3A}.Release|x64.Build.0 = Release|Any CPU
		{87EDB67D-A3A9-457A-9450-1E23FAA16A5D}.Debug|Any CPU.ActiveCfg = Debug|Any CPU
		{87EDB67D-A3A9-457A-9450-1E23FAA16A5D}.Debug|Any CPU.Build.0 = Debug|Any CPU
		{87EDB67D-A3A9-457A-9450-1E23FAA16A5D}.Debug|x64.ActiveCfg = Debug|Any CPU
		{87EDB67D-A3A9-457A-9450-1E23FAA16A5D}.Debug|x64.Build.0 = Debug|Any CPU
		{87EDB67D-A3A9-457A-9450-1E23FAA16A5D}.Release|Any CPU.ActiveCfg = Release|Any CPU
		{87EDB67D-A3A9-457A-9450-1E23FAA16A5D}.Release|Any CPU.Build.0 = Release|Any CPU
		{87EDB67D-A3A9-457A-9450-1E23FAA16A5D}.Release|x64.ActiveCfg = Release|Any CPU
		{87EDB67D-A3A9-457A-9450-1E23FAA16A5D}.Release|x64.Build.0 = Release|Any CPU
		{FE7B0D5E-1813-4639-BF41-BCEE5345F2B2}.Debug|Any CPU.ActiveCfg = Debug|Any CPU
		{FE7B0D5E-1813-4639-BF41-BCEE5345F2B2}.Debug|Any CPU.Build.0 = Debug|Any CPU
		{FE7B0D5E-1813-4639-BF41-BCEE5345F2B2}.Debug|x64.ActiveCfg = Debug|Any CPU
		{FE7B0D5E-1813-4639-BF41-BCEE5345F2B2}.Debug|x64.Build.0 = Debug|Any CPU
		{FE7B0D5E-1813-4639-BF41-BCEE5345F2B2}.Release|Any CPU.ActiveCfg = Release|Any CPU
		{FE7B0D5E-1813-4639-BF41-BCEE5345F2B2}.Release|Any CPU.Build.0 = Release|Any CPU
		{FE7B0D5E-1813-4639-BF41-BCEE5345F2B2}.Release|x64.ActiveCfg = Release|Any CPU
		{FE7B0D5E-1813-4639-BF41-BCEE5345F2B2}.Release|x64.Build.0 = Release|Any CPU
		{09174CBD-612E-4B2D-A422-66101E878429}.Debug|Any CPU.ActiveCfg = Debug|Any CPU
		{09174CBD-612E-4B2D-A422-66101E878429}.Debug|Any CPU.Build.0 = Debug|Any CPU
		{09174CBD-612E-4B2D-A422-66101E878429}.Debug|x64.ActiveCfg = Debug|Any CPU
		{09174CBD-612E-4B2D-A422-66101E878429}.Debug|x64.Build.0 = Debug|Any CPU
		{09174CBD-612E-4B2D-A422-66101E878429}.Release|Any CPU.ActiveCfg = Release|Any CPU
		{09174CBD-612E-4B2D-A422-66101E878429}.Release|Any CPU.Build.0 = Release|Any CPU
		{09174CBD-612E-4B2D-A422-66101E878429}.Release|x64.ActiveCfg = Release|Any CPU
		{09174CBD-612E-4B2D-A422-66101E878429}.Release|x64.Build.0 = Release|Any CPU
		{3FC43719-D3DE-4A0F-8EA1-D3A49C8A0ECF}.Debug|Any CPU.ActiveCfg = Debug|Any CPU
		{3FC43719-D3DE-4A0F-8EA1-D3A49C8A0ECF}.Debug|Any CPU.Build.0 = Debug|Any CPU
		{3FC43719-D3DE-4A0F-8EA1-D3A49C8A0ECF}.Debug|x64.ActiveCfg = Debug|Any CPU
		{3FC43719-D3DE-4A0F-8EA1-D3A49C8A0ECF}.Debug|x64.Build.0 = Debug|Any CPU
		{3FC43719-D3DE-4A0F-8EA1-D3A49C8A0ECF}.Release|Any CPU.ActiveCfg = Release|Any CPU
		{3FC43719-D3DE-4A0F-8EA1-D3A49C8A0ECF}.Release|Any CPU.Build.0 = Release|Any CPU
		{3FC43719-D3DE-4A0F-8EA1-D3A49C8A0ECF}.Release|x64.ActiveCfg = Release|Any CPU
		{3FC43719-D3DE-4A0F-8EA1-D3A49C8A0ECF}.Release|x64.Build.0 = Release|Any CPU
		{49FE7024-93DA-41C0-AECF-1871B420353B}.Debug|Any CPU.ActiveCfg = Debug|Any CPU
		{49FE7024-93DA-41C0-AECF-1871B420353B}.Debug|Any CPU.Build.0 = Debug|Any CPU
		{49FE7024-93DA-41C0-AECF-1871B420353B}.Debug|x64.ActiveCfg = Debug|Any CPU
		{49FE7024-93DA-41C0-AECF-1871B420353B}.Debug|x64.Build.0 = Debug|Any CPU
		{49FE7024-93DA-41C0-AECF-1871B420353B}.Release|Any CPU.ActiveCfg = Release|Any CPU
		{49FE7024-93DA-41C0-AECF-1871B420353B}.Release|Any CPU.Build.0 = Release|Any CPU
		{49FE7024-93DA-41C0-AECF-1871B420353B}.Release|x64.ActiveCfg = Release|Any CPU
		{49FE7024-93DA-41C0-AECF-1871B420353B}.Release|x64.Build.0 = Release|Any CPU
	EndGlobalSection
	GlobalSection(SolutionProperties) = preSolution
		HideSolutionNode = FALSE
	EndGlobalSection
	GlobalSection(NestedProjects) = preSolution
		{D3105445-88C3-43CC-A51D-FD59884EF22A} = {C0E25C75-C8CE-46A4-9987-81F53659E077}
		{F6EFA272-1B41-403E-B7ED-63D3C192D6F1} = {DDAED3DD-F894-482A-93E6-E9100F80518D}
		{0EB6A9D7-B6F9-45C2-B858-9B72978629AA} = {DDAED3DD-F894-482A-93E6-E9100F80518D}
		{F92BDB8A-98B7-4ACC-9DC3-7DA70484E2A4} = {AB3F9589-191E-450E-9A20-644D53C040AB}
		{CE048A58-9DA1-47A1-BB4E-5301C9E1029A} = {AB3F9589-191E-450E-9A20-644D53C040AB}
		{03BACD84-46B3-4EA6-96E6-683AFC2E429A} = {FB3B875B-953E-46D0-BFF0-D13CB8332F46}
		{B86C3432-CF67-4702-A823-5B58E92B087C} = {FB3B875B-953E-46D0-BFF0-D13CB8332F46}
		{01F6D8AD-F8A1-41E5-A44C-FBE5DD463E13} = {FB3B875B-953E-46D0-BFF0-D13CB8332F46}
		{0E294583-A89A-4695-BABC-021A6FC24E3A} = {FB3B875B-953E-46D0-BFF0-D13CB8332F46}
		{40DE7EE6-EB5F-4070-920D-95BC222ED240} = {C0E25C75-C8CE-46A4-9987-81F53659E077}
		{70C1DDF5-25D4-427F-A6DF-F7A6B145C229} = {C0E25C75-C8CE-46A4-9987-81F53659E077}
		{FE7B0D5E-1813-4639-BF41-BCEE5345F2B2} = {AB3F9589-191E-450E-9A20-644D53C040AB}
		{09174CBD-612E-4B2D-A422-66101E878429} = {AB3F9589-191E-450E-9A20-644D53C040AB}
		{3FC43719-D3DE-4A0F-8EA1-D3A49C8A0ECF} = {DDAED3DD-F894-482A-93E6-E9100F80518D}
		{49FE7024-93DA-41C0-AECF-1871B420353B} = {DDAED3DD-F894-482A-93E6-E9100F80518D}
	EndGlobalSection
EndGlobal
