
Microsoft Visual Studio Solution File, Format Version 12.00
# Visual Studio 14
VisualStudioVersion = 14.0.23107.0
MinimumVisualStudioVersion = 10.0.40219.1
Project("{2150E333-8FDC-42A3-9474-1A3956D46DE8}") = "PublishScripts", "PublishScripts", "{C0E25C75-C8CE-46A4-9987-81F53659E077}"
	ProjectSection(SolutionItems) = preProject
		PublishScripts\AzureVMPublishModule.psm1 = PublishScripts\AzureVMPublishModule.psm1
		PublishScripts\Publish-WebApplicationVM.ps1 = PublishScripts\Publish-WebApplicationVM.ps1
	EndProjectSection
EndProject
Project("{2150E333-8FDC-42A3-9474-1A3956D46DE8}") = "Configurations", "Configurations", "{D3105445-88C3-43CC-A51D-FD59884EF22A}"
	ProjectSection(SolutionItems) = preProject
		PublishScripts\Configurations\foodorder-WAWS-dev.json = PublishScripts\Configurations\foodorder-WAWS-dev.json
	EndProjectSection
EndProject
Project("{FAE04EC0-301F-11D3-BF4B-00C04F79EFBC}") = "FoodOrderTests", "FoodOrderTests\FoodOrderTests.csproj", "{38CA88C0-6A50-4FF3-87B3-35CCBD6D8B3A}"
EndProject
Project("{FAE04EC0-301F-11D3-BF4B-00C04F79EFBC}") = "FoodOrder.Repository", "FoodOrder.Repository\FoodOrder.Repository.csproj", "{72E5F3C6-D39B-4F73-83E8-F72C77C83C80}"
EndProject
Global
	GlobalSection(SolutionConfigurationPlatforms) = preSolution
		Debug|Any CPU = Debug|Any CPU
		Release|Any CPU = Release|Any CPU
	EndGlobalSection
	GlobalSection(ProjectConfigurationPlatforms) = postSolution
		{38CA88C0-6A50-4FF3-87B3-35CCBD6D8B3A}.Debug|Any CPU.ActiveCfg = Debug|Any CPU
		{38CA88C0-6A50-4FF3-87B3-35CCBD6D8B3A}.Debug|Any CPU.Build.0 = Debug|Any CPU
		{38CA88C0-6A50-4FF3-87B3-35CCBD6D8B3A}.Release|Any CPU.ActiveCfg = Release|Any CPU
		{38CA88C0-6A50-4FF3-87B3-35CCBD6D8B3A}.Release|Any CPU.Build.0 = Release|Any CPU
		{72E5F3C6-D39B-4F73-83E8-F72C77C83C80}.Debug|Any CPU.ActiveCfg = Debug|Any CPU
		{72E5F3C6-D39B-4F73-83E8-F72C77C83C80}.Debug|Any CPU.Build.0 = Debug|Any CPU
		{72E5F3C6-D39B-4F73-83E8-F72C77C83C80}.Release|Any CPU.ActiveCfg = Release|Any CPU
		{72E5F3C6-D39B-4F73-83E8-F72C77C83C80}.Release|Any CPU.Build.0 = Release|Any CPU
	EndGlobalSection
	GlobalSection(SolutionProperties) = preSolution
		HideSolutionNode = FALSE
	EndGlobalSection
	GlobalSection(NestedProjects) = preSolution
		{D3105445-88C3-43CC-A51D-FD59884EF22A} = {C0E25C75-C8CE-46A4-9987-81F53659E077}
	EndGlobalSection
EndGlobal
